
Microsoft Visual Studio Solution File, Format Version 12.00
# Visual Studio Version 17
VisualStudioVersion = 17.8.34330.188
MinimumVisualStudioVersion = 10.0.40219.1
Project("{8BC9CEB8-8B4A-11D0-8D11-00A0C91BC942}") = "100DaysOfLeetcode", "100DaysOfLeetcode.vcxproj", "{445221D3-8B7F-4840-8960-7D23FBAE946C}"
EndProject
Global
	GlobalSection(SolutionConfigurationPlatforms) = preSolution
		Debug|x64 = Debug|x64
		Debug|x86 = Debug|x86
		Release|x64 = Release|x64
		Release|x86 = Release|x86
	EndGlobalSection
	GlobalSection(ProjectConfigurationPlatforms) = postSolution
		{445221D3-8B7F-4840-8960-7D23FBAE946C}.Debug|x64.ActiveCfg = Debug|x64
		{445221D3-8B7F-4840-8960-7D23FBAE946C}.Debug|x64.Build.0 = Debug|x64
		{445221D3-8B7F-4840-8960-7D23FBAE946C}.Debug|x86.ActiveCfg = Debug|Win32
		{445221D3-8B7F-4840-8960-7D23FBAE946C}.Debug|x86.Build.0 = Debug|Win32
		{445221D3-8B7F-4840-8960-7D23FBAE946C}.Release|x64.ActiveCfg = Release|x64
		{445221D3-8B7F-4840-8960-7D23FBAE946C}.Release|x64.Build.0 = Release|x64
		{445221D3-8B7F-4840-8960-7D23FBAE946C}.Release|x86.ActiveCfg = Release|Win32
		{445221D3-8B7F-4840-8960-7D23FBAE946C}.Release|x86.Build.0 = Release|Win32
	EndGlobalSection
	GlobalSection(SolutionProperties) = preSolution
		HideSolutionNode = FALSE
	EndGlobalSection
	GlobalSection(ExtensibilityGlobals) = postSolution
		SolutionGuid = {C85E45B6-7AFD-4D19-9365-1CB86430B685}
	EndGlobalSection
EndGlobal
